
Microsoft Visual Studio Solution File, Format Version 12.00
# Visual Studio Version 17
VisualStudioVersion = 17.4.33213.308
MinimumVisualStudioVersion = 10.0.40219.1
Project("{9A19103F-16F7-4668-BE54-9A1E7A4F7556}") = "WebApp.RealStateApp", "RealStateApp\WebApp.RealStateApp.csproj", "{A3FAAE91-6617-45CF-80AF-A4347970D290}"
EndProject
Project("{2150E333-8FDC-42A3-9474-1A3956D46DE8}") = "Source", "Source", "{F6E1F431-A337-431D-8BEC-E49252007338}"
EndProject
Project("{2150E333-8FDC-42A3-9474-1A3956D46DE8}") = "Core", "Core", "{5B6CEC17-AA89-4557-BE4A-003FFCE22963}"
EndProject
Project("{2150E333-8FDC-42A3-9474-1A3956D46DE8}") = "Infrastructure", "Infrastructure", "{E0D370A7-D36F-4C38-A9CB-D281DF68C04F}"
EndProject
Project("{2150E333-8FDC-42A3-9474-1A3956D46DE8}") = "Presentation", "Presentation", "{6054B84A-BD13-42F4-8F81-0DF16E80AA50}"
EndProject
Project("{2150E333-8FDC-42A3-9474-1A3956D46DE8}") = "WebApp", "WebApp", "{961BFB3F-74F9-467C-8B8F-F31FCF806236}"
EndProject
Project("{9A19103F-16F7-4668-BE54-9A1E7A4F7556}") = "RealStateApp.Core.Application", "RealStateApp.Core.Application\RealStateApp.Core.Application.csproj", "{B877CBB2-7034-451B-B8DB-599520B9E48C}"
EndProject
Project("{9A19103F-16F7-4668-BE54-9A1E7A4F7556}") = "RealStateApp.Core.Domain", "RealStateApp.Core.Domain\RealStateApp.Core.Domain.csproj", "{6A0168F1-69CE-4091-8B36-0DB13E4B62D6}"
EndProject
Project("{9A19103F-16F7-4668-BE54-9A1E7A4F7556}") = "RealStateApp.Infrastructure.Persistence", "RealStateApp.Infrastructure.Persistence\RealStateApp.Infrastructure.Persistence.csproj", "{A2D97774-C9C4-4426-9D8B-E8BE3148517F}"
EndProject
Project("{9A19103F-16F7-4668-BE54-9A1E7A4F7556}") = "RealStateApp.Infrastructure.Identity", "RealStateApp.Infrastructure.Identity\RealStateApp.Infrastructure.Identity.csproj", "{593023E0-7CF1-424D-8FEB-CEE4F460EB58}"
EndProject
Project("{9A19103F-16F7-4668-BE54-9A1E7A4F7556}") = "RealStateApp.Infrastructure.Shared", "RealStateApp.Infrastructure.Shared\RealStateApp.Infrastructure.Shared.csproj", "{579E1D21-4FF7-4BBA-BC6B-8649AA3CA46A}"
EndProject
Project("{2150E333-8FDC-42A3-9474-1A3956D46DE8}") = "WebApi", "WebApi", "{C2A13C73-2E81-4D95-9AA7-670F4B656319}"
EndProject
Project("{FAE04EC0-301F-11D3-BF4B-00C04F79EFBC}") = "WebApi.RealStateApp", "WebApi.RealStateApp\WebApi.RealStateApp.csproj", "{8C905CF7-AB34-4658-8AEE-BCA1A98E48AA}"
EndProject
Global
	GlobalSection(SolutionConfigurationPlatforms) = preSolution
		Debug|Any CPU = Debug|Any CPU
		Release|Any CPU = Release|Any CPU
	EndGlobalSection
	GlobalSection(ProjectConfigurationPlatforms) = postSolution
		{A3FAAE91-6617-45CF-80AF-A4347970D290}.Debug|Any CPU.ActiveCfg = Debug|Any CPU
		{A3FAAE91-6617-45CF-80AF-A4347970D290}.Debug|Any CPU.Build.0 = Debug|Any CPU
		{A3FAAE91-6617-45CF-80AF-A4347970D290}.Release|Any CPU.ActiveCfg = Release|Any CPU
		{A3FAAE91-6617-45CF-80AF-A4347970D290}.Release|Any CPU.Build.0 = Release|Any CPU
		{B877CBB2-7034-451B-B8DB-599520B9E48C}.Debug|Any CPU.ActiveCfg = Debug|Any CPU
		{B877CBB2-7034-451B-B8DB-599520B9E48C}.Debug|Any CPU.Build.0 = Debug|Any CPU
		{B877CBB2-7034-451B-B8DB-599520B9E48C}.Release|Any CPU.ActiveCfg = Release|Any CPU
		{B877CBB2-7034-451B-B8DB-599520B9E48C}.Release|Any CPU.Build.0 = Release|Any CPU
		{6A0168F1-69CE-4091-8B36-0DB13E4B62D6}.Debug|Any CPU.ActiveCfg = Debug|Any CPU
		{6A0168F1-69CE-4091-8B36-0DB13E4B62D6}.Debug|Any CPU.Build.0 = Debug|Any CPU
		{6A0168F1-69CE-4091-8B36-0DB13E4B62D6}.Release|Any CPU.ActiveCfg = Release|Any CPU
		{6A0168F1-69CE-4091-8B36-0DB13E4B62D6}.Release|Any CPU.Build.0 = Release|Any CPU
		{A2D97774-C9C4-4426-9D8B-E8BE3148517F}.Debug|Any CPU.ActiveCfg = Debug|Any CPU
		{A2D97774-C9C4-4426-9D8B-E8BE3148517F}.Debug|Any CPU.Build.0 = Debug|Any CPU
		{A2D97774-C9C4-4426-9D8B-E8BE3148517F}.Release|Any CPU.ActiveCfg = Release|Any CPU
		{A2D97774-C9C4-4426-9D8B-E8BE3148517F}.Release|Any CPU.Build.0 = Release|Any CPU
		{593023E0-7CF1-424D-8FEB-CEE4F460EB58}.Debug|Any CPU.ActiveCfg = Debug|Any CPU
		{593023E0-7CF1-424D-8FEB-CEE4F460EB58}.Debug|Any CPU.Build.0 = Debug|Any CPU
		{593023E0-7CF1-424D-8FEB-CEE4F460EB58}.Release|Any CPU.ActiveCfg = Release|Any CPU
		{593023E0-7CF1-424D-8FEB-CEE4F460EB58}.Release|Any CPU.Build.0 = Release|Any CPU
		{579E1D21-4FF7-4BBA-BC6B-8649AA3CA46A}.Debug|Any CPU.ActiveCfg = Debug|Any CPU
		{579E1D21-4FF7-4BBA-BC6B-8649AA3CA46A}.Debug|Any CPU.Build.0 = Debug|Any CPU
		{579E1D21-4FF7-4BBA-BC6B-8649AA3CA46A}.Release|Any CPU.ActiveCfg = Release|Any CPU
		{579E1D21-4FF7-4BBA-BC6B-8649AA3CA46A}.Release|Any CPU.Build.0 = Release|Any CPU
		{8C905CF7-AB34-4658-8AEE-BCA1A98E48AA}.Debug|Any CPU.ActiveCfg = Debug|Any CPU
		{8C905CF7-AB34-4658-8AEE-BCA1A98E48AA}.Debug|Any CPU.Build.0 = Debug|Any CPU
		{8C905CF7-AB34-4658-8AEE-BCA1A98E48AA}.Release|Any CPU.ActiveCfg = Release|Any CPU
		{8C905CF7-AB34-4658-8AEE-BCA1A98E48AA}.Release|Any CPU.Build.0 = Release|Any CPU
	EndGlobalSection
	GlobalSection(SolutionProperties) = preSolution
		HideSolutionNode = FALSE
	EndGlobalSection
	GlobalSection(NestedProjects) = preSolution
		{A3FAAE91-6617-45CF-80AF-A4347970D290} = {961BFB3F-74F9-467C-8B8F-F31FCF806236}
		{5B6CEC17-AA89-4557-BE4A-003FFCE22963} = {F6E1F431-A337-431D-8BEC-E49252007338}
		{E0D370A7-D36F-4C38-A9CB-D281DF68C04F} = {F6E1F431-A337-431D-8BEC-E49252007338}
		{6054B84A-BD13-42F4-8F81-0DF16E80AA50} = {F6E1F431-A337-431D-8BEC-E49252007338}
		{961BFB3F-74F9-467C-8B8F-F31FCF806236} = {6054B84A-BD13-42F4-8F81-0DF16E80AA50}
		{B877CBB2-7034-451B-B8DB-599520B9E48C} = {5B6CEC17-AA89-4557-BE4A-003FFCE22963}
		{6A0168F1-69CE-4091-8B36-0DB13E4B62D6} = {5B6CEC17-AA89-4557-BE4A-003FFCE22963}
		{A2D97774-C9C4-4426-9D8B-E8BE3148517F} = {E0D370A7-D36F-4C38-A9CB-D281DF68C04F}
		{593023E0-7CF1-424D-8FEB-CEE4F460EB58} = {E0D370A7-D36F-4C38-A9CB-D281DF68C04F}
		{579E1D21-4FF7-4BBA-BC6B-8649AA3CA46A} = {E0D370A7-D36F-4C38-A9CB-D281DF68C04F}
		{C2A13C73-2E81-4D95-9AA7-670F4B656319} = {6054B84A-BD13-42F4-8F81-0DF16E80AA50}
		{8C905CF7-AB34-4658-8AEE-BCA1A98E48AA} = {C2A13C73-2E81-4D95-9AA7-670F4B656319}
	EndGlobalSection
	GlobalSection(ExtensibilityGlobals) = postSolution
		SolutionGuid = {2AB43996-2C5A-4545-A003-42DEF3EC40F5}
	EndGlobalSection
EndGlobal
